
Microsoft Visual Studio Solution File, Format Version 12.00
# Visual Studio 14
VisualStudioVersion = 14.0.25420.1
MinimumVisualStudioVersion = 10.0.40219.1
Project("{FAE04EC0-301F-11D3-BF4B-00C04F79EFBC}") = "BehaiviourPattern", "BehaiviourPattern\BehaiviourPattern.csproj", "{13BC86B0-C243-401C-9361-A6CDBEB464C5}"
EndProject
Project("{FAE04EC0-301F-11D3-BF4B-00C04F79EFBC}") = "iterator", "iterator\iterator.csproj", "{85A2D4D2-FE9E-4DAC-B7C0-177AD50EF63F}"
EndProject
Project("{FAE04EC0-301F-11D3-BF4B-00C04F79EFBC}") = "Observer", "Observer\Observer.csproj", "{42C8BB6E-A251-4EFC-8D6F-B54E4B75ECA4}"
EndProject
Project("{FAE04EC0-301F-11D3-BF4B-00C04F79EFBC}") = "Decorator", "Decorator\Decorator.csproj", "{56A71ECA-9278-47C0-8F47-4CCFEA82A7FB}"
EndProject
Project("{FAE04EC0-301F-11D3-BF4B-00C04F79EFBC}") = "Composite", "Composite\Composite.csproj", "{B94B1DC5-097B-465B-B334-6B57CB38B228}"
EndProject
Global
	GlobalSection(SolutionConfigurationPlatforms) = preSolution
		Debug|Any CPU = Debug|Any CPU
		Release|Any CPU = Release|Any CPU
	EndGlobalSection
	GlobalSection(ProjectConfigurationPlatforms) = postSolution
		{13BC86B0-C243-401C-9361-A6CDBEB464C5}.Debug|Any CPU.ActiveCfg = Debug|Any CPU
		{13BC86B0-C243-401C-9361-A6CDBEB464C5}.Debug|Any CPU.Build.0 = Debug|Any CPU
		{13BC86B0-C243-401C-9361-A6CDBEB464C5}.Release|Any CPU.ActiveCfg = Release|Any CPU
		{13BC86B0-C243-401C-9361-A6CDBEB464C5}.Release|Any CPU.Build.0 = Release|Any CPU
		{85A2D4D2-FE9E-4DAC-B7C0-177AD50EF63F}.Debug|Any CPU.ActiveCfg = Debug|Any CPU
		{85A2D4D2-FE9E-4DAC-B7C0-177AD50EF63F}.Debug|Any CPU.Build.0 = Debug|Any CPU
		{85A2D4D2-FE9E-4DAC-B7C0-177AD50EF63F}.Release|Any CPU.ActiveCfg = Release|Any CPU
		{85A2D4D2-FE9E-4DAC-B7C0-177AD50EF63F}.Release|Any CPU.Build.0 = Release|Any CPU
		{42C8BB6E-A251-4EFC-8D6F-B54E4B75ECA4}.Debug|Any CPU.ActiveCfg = Debug|Any CPU
		{42C8BB6E-A251-4EFC-8D6F-B54E4B75ECA4}.Debug|Any CPU.Build.0 = Debug|Any CPU
		{42C8BB6E-A251-4EFC-8D6F-B54E4B75ECA4}.Release|Any CPU.ActiveCfg = Release|Any CPU
		{42C8BB6E-A251-4EFC-8D6F-B54E4B75ECA4}.Release|Any CPU.Build.0 = Release|Any CPU
		{56A71ECA-9278-47C0-8F47-4CCFEA82A7FB}.Debug|Any CPU.ActiveCfg = Debug|Any CPU
		{56A71ECA-9278-47C0-8F47-4CCFEA82A7FB}.Debug|Any CPU.Build.0 = Debug|Any CPU
		{56A71ECA-9278-47C0-8F47-4CCFEA82A7FB}.Release|Any CPU.ActiveCfg = Release|Any CPU
		{56A71ECA-9278-47C0-8F47-4CCFEA82A7FB}.Release|Any CPU.Build.0 = Release|Any CPU
		{B94B1DC5-097B-465B-B334-6B57CB38B228}.Debug|Any CPU.ActiveCfg = Debug|Any CPU
		{B94B1DC5-097B-465B-B334-6B57CB38B228}.Debug|Any CPU.Build.0 = Debug|Any CPU
		{B94B1DC5-097B-465B-B334-6B57CB38B228}.Release|Any CPU.ActiveCfg = Release|Any CPU
		{B94B1DC5-097B-465B-B334-6B57CB38B228}.Release|Any CPU.Build.0 = Release|Any CPU
	EndGlobalSection
	GlobalSection(SolutionProperties) = preSolution
		HideSolutionNode = FALSE
	EndGlobalSection
EndGlobal
